
Microsoft Visual Studio Solution File, Format Version 12.00
# Visual Studio Version 16
VisualStudioVersion = 16.0.29326.143
MinimumVisualStudioVersion = 10.0.40219.1
Project("{FAE04EC0-301F-11D3-BF4B-00C04F79EFBC}") = "VKClient", "VKClient\VKClient.csproj", "{2796DC6F-6EAC-4B60-A21C-98B4A7A73DBB}"
EndProject
Global
	GlobalSection(SolutionConfigurationPlatforms) = preSolution
		Debug|Any CPU = Debug|Any CPU
		Release|Any CPU = Release|Any CPU
	EndGlobalSection
	GlobalSection(ProjectConfigurationPlatforms) = postSolution
		{2796DC6F-6EAC-4B60-A21C-98B4A7A73DBB}.Debug|Any CPU.ActiveCfg = Debug|Any CPU
		{2796DC6F-6EAC-4B60-A21C-98B4A7A73DBB}.Debug|Any CPU.Build.0 = Debug|Any CPU
		{2796DC6F-6EAC-4B60-A21C-98B4A7A73DBB}.Release|Any CPU.ActiveCfg = Release|Any CPU
		{2796DC6F-6EAC-4B60-A21C-98B4A7A73DBB}.Release|Any CPU.Build.0 = Release|Any CPU
	EndGlobalSection
	GlobalSection(SolutionProperties) = preSolution
		HideSolutionNode = FALSE
	EndGlobalSection
	GlobalSection(ExtensibilityGlobals) = postSolution
		SolutionGuid = {976F335D-FA0E-4862-A419-0A7B036C14A7}
	EndGlobalSection
EndGlobal
